// !$*UTF8*$!
{
	archiveVersion = 1;
	classes = {
	};
	objectVersion = 46;
	objects = {

/* Begin PBXBuildFile section */
		6C4322991C809EF8004F0B77 /* GooglePhotoInteractionTransition.swift in Sources */ = {isa = PBXBuildFile; fileRef = 6C4322981C809EF8004F0B77 /* GooglePhotoInteractionTransition.swift */; };
		6C986D9D1C8044AF0036052B /* AppDelegate.swift in Sources */ = {isa = PBXBuildFile; fileRef = 6C986D9C1C8044AF0036052B /* AppDelegate.swift */; };
		6C986D9F1C8044AF0036052B /* ViewController.swift in Sources */ = {isa = PBXBuildFile; fileRef = 6C986D9E1C8044AF0036052B /* ViewController.swift */; };
		6C986DA21C8044AF0036052B /* Main.storyboard in Resources */ = {isa = PBXBuildFile; fileRef = 6C986DA01C8044AF0036052B /* Main.storyboard */; };
		6C986DA41C8044AF0036052B /* Assets.xcassets in Resources */ = {isa = PBXBuildFile; fileRef = 6C986DA31C8044AF0036052B /* Assets.xcassets */; };
		6C986DA71C8044AF0036052B /* LaunchScreen.storyboard in Resources */ = {isa = PBXBuildFile; fileRef = 6C986DA51C8044AF0036052B /* LaunchScreen.storyboard */; };
		6C986DAF1C804B250036052B /* ModallyViewController.swift in Sources */ = {isa = PBXBuildFile; fileRef = 6C986DAE1C804B250036052B /* ModallyViewController.swift */; };
		6C986DB11C804BD90036052B /* TransitionController.swift in Sources */ = {isa = PBXBuildFile; fileRef = 6C986DB01C804BD90036052B /* TransitionController.swift */; };
		6C986DB31C804DDB0036052B /* GooglePhotoTransition.swift in Sources */ = {isa = PBXBuildFile; fileRef = 6C986DB21C804DDB0036052B /* GooglePhotoTransition.swift */; };
/* End PBXBuildFile section */

/* Begin PBXFileReference section */
		6C4322981C809EF8004F0B77 /* GooglePhotoInteractionTransition.swift */ = {isa = PBXFileReference; fileEncoding = 4; lastKnownFileType = sourcecode.swift; path = GooglePhotoInteractionTransition.swift; sourceTree = "<group>"; };
		6C986D991C8044AF0036052B /* GooglePhotosTransition.app */ = {isa = PBXFileReference; explicitFileType = wrapper.application; includeInIndex = 0; path = GooglePhotosTransition.app; sourceTree = BUILT_PRODUCTS_DIR; };
		6C986D9C1C8044AF0036052B /* AppDelegate.swift */ = {isa = PBXFileReference; lastKnownFileType = sourcecode.swift; path = AppDelegate.swift; sourceTree = "<group>"; };
		6C986D9E1C8044AF0036052B /* ViewController.swift */ = {isa = PBXFileReference; lastKnownFileType = sourcecode.swift; path = ViewController.swift; sourceTree = "<group>"; };
		6C986DA11C8044AF0036052B /* Base */ = {isa = PBXFileReference; lastKnownFileType = file.storyboard; name = Base; path = Base.lproj/Main.storyboard; sourceTree = "<group>"; };
		6C986DA31C8044AF0036052B /* Assets.xcassets */ = {isa = PBXFileReference; lastKnownFileType = folder.assetcatalog; path = Assets.xcassets; sourceTree = "<group>"; };
		6C986DA61C8044AF0036052B /* Base */ = {isa = PBXFileReference; lastKnownFileType = file.storyboard; name = Base; path = Base.lproj/LaunchScreen.storyboard; sourceTree = "<group>"; };
		6C986DA81C8044AF0036052B /* Info.plist */ = {isa = PBXFileReference; lastKnownFileType = text.plist.xml; path = Info.plist; sourceTree = "<group>"; };
		6C986DAE1C804B250036052B /* ModallyViewController.swift */ = {isa = PBXFileReference; fileEncoding = 4; lastKnownFileType = sourcecode.swift; path = ModallyViewController.swift; sourceTree = "<group>"; };
		6C986DB01C804BD90036052B /* TransitionController.swift */ = {isa = PBXFileReference; fileEncoding = 4; lastKnownFileType = sourcecode.swift; path = TransitionController.swift; sourceTree = "<group>"; };
		6C986DB21C804DDB0036052B /* GooglePhotoTransition.swift */ = {isa = PBXFileReference; fileEncoding = 4; lastKnownFileType = sourcecode.swift; path = GooglePhotoTransition.swift; sourceTree = "<group>"; };
/* End PBXFileReference section */

/* Begin PBXFrameworksBuildPhase section */
		6C986D961C8044AF0036052B /* Frameworks */ = {
			isa = PBXFrameworksBuildPhase;
			buildActionMask = 2147483647;
			files = (
			);
			runOnlyForDeploymentPostprocessing = 0;
		};
/* End PBXFrameworksBuildPhase section */

/* Begin PBXGroup section */
		6C986D901C8044AF0036052B = {
			isa = PBXGroup;
			children = (
				6C986D9B1C8044AF0036052B /* GooglePhotosTransition */,
				6C986D9A1C8044AF0036052B /* Products */,
			);
			sourceTree = "<group>";
		};
		6C986D9A1C8044AF0036052B /* Products */ = {
			isa = PBXGroup;
			children = (
				6C986D991C8044AF0036052B /* GooglePhotosTransition.app */,
			);
			name = Products;
			sourceTree = "<group>";
		};
		6C986D9B1C8044AF0036052B /* GooglePhotosTransition */ = {
			isa = PBXGroup;
			children = (
				6C986D9C1C8044AF0036052B /* AppDelegate.swift */,
				6C986D9E1C8044AF0036052B /* ViewController.swift */,
				6C986DAE1C804B250036052B /* ModallyViewController.swift */,
				6C986DB01C804BD90036052B /* TransitionController.swift */,
				6C986DB21C804DDB0036052B /* GooglePhotoTransition.swift */,
				6C4322981C809EF8004F0B77 /* GooglePhotoInteractionTransition.swift */,
				6C986DA01C8044AF0036052B /* Main.storyboard */,
				6C986DA31C8044AF0036052B /* Assets.xcassets */,
				6C986DA51C8044AF0036052B /* LaunchScreen.storyboard */,
				6C986DA81C8044AF0036052B /* Info.plist */,
			);
			path = GooglePhotosTransition;
			sourceTree = "<group>";
		};
/* End PBXGroup section */

/* Begin PBXNativeTarget section */
		6C986D981C8044AF0036052B /* GooglePhotosTransition */ = {
			isa = PBXNativeTarget;
			buildConfigurationList = 6C986DAB1C8044AF0036052B /* Build configuration list for PBXNativeTarget "GooglePhotosTransition" */;
			buildPhases = (
				6C986D951C8044AF0036052B /* Sources */,
				6C986D961C8044AF0036052B /* Frameworks */,
				6C986D971C8044AF0036052B /* Resources */,
			);
			buildRules = (
			);
			dependencies = (
			);
			name = GooglePhotosTransition;
			productName = GooglePhotosTransition;
			productReference = 6C986D991C8044AF0036052B /* GooglePhotosTransition.app */;
			productType = "com.apple.product-type.application";
		};
/* End PBXNativeTarget section */

/* Begin PBXProject section */
		6C986D911C8044AF0036052B /* Project object */ = {
			isa = PBXProject;
			attributes = {
				LastSwiftUpdateCheck = 0720;
				LastUpgradeCheck = 0720;
				ORGANIZATIONNAME = Michealbad;
				TargetAttributes = {
					6C986D981C8044AF0036052B = {
						CreatedOnToolsVersion = 7.2;
						DevelopmentTeam = 4P27SMM3E7;
					};
				};
			};
			buildConfigurationList = 6C986D941C8044AF0036052B /* Build configuration list for PBXProject "GooglePhotosTransition" */;
			compatibilityVersion = "Xcode 3.2";
			developmentRegion = English;
			hasScannedForEncodings = 0;
			knownRegions = (
				en,
				Base,
			);
			mainGroup = 6C986D901C8044AF0036052B;
			productRefGroup = 6C986D9A1C8044AF0036052B /* Products */;
			projectDirPath = "";
			projectRoot = "";
			targets = (
				6C986D981C8044AF0036052B /* GooglePhotosTransition */,
			);
		};
/* End PBXProject section */

/* Begin PBXResourcesBuildPhase section */
		6C986D971C8044AF0036052B /* Resources */ = {
			isa = PBXResourcesBuildPhase;
			buildActionMask = 2147483647;
			files = (
				6C986DA71C8044AF0036052B /* LaunchScreen.storyboard in Resources */,
				6C986DA41C8044AF0036052B /* Assets.xcassets in Resources */,
				6C986DA21C8044AF0036052B /* Main.storyboard in Resources */,
			);
			runOnlyForDeploymentPostprocessing = 0;
		};
/* End PBXResourcesBuildPhase section */

/* Begin PBXSourcesBuildPhase section */
		6C986D951C8044AF0036052B /* Sources */ = {
			isa = PBXSourcesBuildPhase;
			buildActionMask = 2147483647;
			files = (
				6C986DB11C804BD90036052B /* TransitionController.swift in Sources */,
				6C986DB31C804DDB0036052B /* GooglePhotoTransition.swift in Sources */,
				6C986D9F1C8044AF0036052B /* ViewController.swift in Sources */,
				6C4322991C809EF8004F0B77 /* GooglePhotoInteractionTransition.swift in Sources */,
				6C986DAF1C804B250036052B /* ModallyViewController.swift in Sources */,
				6C986D9D1C8044AF0036052B /* AppDelegate.swift in Sources */,
			);
			runOnlyForDeploymentPostprocessing = 0;
		};
/* End PBXSourcesBuildPhase section */

/* Begin PBXVariantGroup section */
		6C986DA01C8044AF0036052B /* Main.storyboard */ = {
			isa = PBXVariantGroup;
			children = (
				6C986DA11C8044AF0036052B /* Base */,
			);
			name = Main.storyboard;
			sourceTree = "<group>";
		};
		6C986DA51C8044AF0036052B /* LaunchScreen.storyboard */ = {
			isa = PBXVariantGroup;
			children = (
				6C986DA61C8044AF0036052B /* Base */,
			);
			name = LaunchScreen.storyboard;
			sourceTree = "<group>";
		};
/* End PBXVariantGroup section */

/* Begin XCBuildConfiguration section */
		6C986DA91C8044AF0036052B /* Debug */ = {
			isa = XCBuildConfiguration;
			buildSettings = {
				ALWAYS_SEARCH_USER_PATHS = NO;
				CLANG_CXX_LANGUAGE_STANDARD = "gnu++0x";
				CLANG_CXX_LIBRARY = "libc++";
				CLANG_ENABLE_MODULES = YES;
				CLANG_ENABLE_OBJC_ARC = YES;
				CLANG_WARN_BOOL_CONVERSION = YES;
				CLANG_WARN_CONSTANT_CONVERSION = YES;
				CLANG_WARN_DIRECT_OBJC_ISA_USAGE = YES_ERROR;
				CLANG_WARN_EMPTY_BODY = YES;
				CLANG_WARN_ENUM_CONVERSION = YES;
				CLANG_WARN_INT_CONVERSION = YES;
				CLANG_WARN_OBJC_ROOT_CLASS = YES_ERROR;
				CLANG_WARN_UNREACHABLE_CODE = YES;
				CLANG_WARN__DUPLICATE_METHOD_MATCH = YES;
				"CODE_SIGN_IDENTITY[sdk=iphoneos*]" = "iPhone Developer";
				COPY_PHASE_STRIP = NO;
				DEBUG_INFORMATION_FORMAT = dwarf;
				ENABLE_STRICT_OBJC_MSGSEND = YES;
				ENABLE_TESTABILITY = YES;
				GCC_C_LANGUAGE_STANDARD = gnu99;
				GCC_DYNAMIC_NO_PIC = NO;
				GCC_NO_COMMON_BLOCKS = YES;
				GCC_OPTIMIZATION_LEVEL = 0;
				GCC_PREPROCESSOR_DEFINITIONS = (
					"DEBUG=1",
					"$(inherited)",
				);
				GCC_WARN_64_TO_32_BIT_CONVERSION = YES;
				GCC_WARN_ABOUT_RETURN_TYPE = YES_ERROR;
				GCC_WARN_UNDECLARED_SELECTOR = YES;
				GCC_WARN_UNINITIALIZED_AUTOS = YES_AGGRESSIVE;
				GCC_WARN_UNUSED_FUNCTION = YES;
				GCC_WARN_UNUSED_VARIABLE = YES;
				IPHONEOS_DEPLOYMENT_TARGET = 9.2;
				MTL_ENABLE_DEBUG_INFO = YES;
				ONLY_ACTIVE_ARCH = YES;
				SDKROOT = iphoneos;
				SWIFT_OPTIMIZATION_LEVEL = "-Onone";
			};
			name = Debug;
		};
		6C986DAA1C8044AF0036052B /* Release */ = {
			isa = XCBuildConfiguration;
			buildSettings = {
				ALWAYS_SEARCH_USER_PATHS = NO;
				CLANG_CXX_LANGUAGE_STANDARD = "gnu++0x";
				CLANG_CXX_LIBRARY = "libc++";
				CLANG_ENABLE_MODULES = YES;
				CLANG_ENABLE_OBJC_ARC = YES;
				CLANG_WARN_BOOL_CONVERSION = YES;
				CLANG_WARN_CONSTANT_CONVERSION = YES;
				CLANG_WARN_DIRECT_OBJC_ISA_USAGE = YES_ERROR;
				CLANG_WARN_EMPTY_BODY = YES;
				CLANG_WARN_ENUM_CONVERSION = YES;
				CLANG_WARN_INT_CONVERSION = YES;
				CLANG_WARN_OBJC_ROOT_CLASS = YES_ERROR;
				CLANG_WARN_UNREACHABLE_CODE = YES;
				CLANG_WARN__DUPLICATE_METHOD_MATCH = YES;
				"CODE_SIGN_IDENTITY[sdk=iphoneos*]" = "iPhone Developer";
				COPY_PHASE_STRIP = NO;
				DEBUG_INFORMATION_FORMAT = "dwarf-with-dsym";
				ENABLE_NS_ASSERTIONS = NO;
				ENABLE_STRICT_OBJC_MSGSEND = YES;
				GCC_C_LANGUAGE_STANDARD = gnu99;
				GCC_NO_COMMON_BLOCKS = YES;
				GCC_WARN_64_TO_32_BIT_CONVERSION = YES;
				GCC_WARN_ABOUT_RETURN_TYPE = YES_ERROR;
				GCC_WARN_UNDECLARED_SELECTOR = YES;
				GCC_WARN_UNINITIALIZED_AUTOS = YES_AGGRESSIVE;
				GCC_WARN_UNUSED_FUNCTION = YES;
				GCC_WARN_UNUSED_VARIABLE = YES;
				IPHONEOS_DEPLOYMENT_TARGET = 9.2;
				MTL_ENABLE_DEBUG_INFO = NO;
				SDKROOT = iphoneos;
				VALIDATE_PRODUCT = YES;
			};
			name = Release;
		};
		6C986DAC1C8044AF0036052B /* Debug */ = {
			isa = XCBuildConfiguration;
			buildSettings = {
				ASSETCATALOG_COMPILER_APPICON_NAME = AppIcon;
				CODE_SIGN_IDENTITY = "iPhone Developer";
				INFOPLIST_FILE = GooglePhotosTransition/Info.plist;
				LD_RUNPATH_SEARCH_PATHS = "$(inherited) @executable_path/Frameworks";
				PRODUCT_BUNDLE_IDENTIFIER = michealbad.GooglePhotosTransition;
				PRODUCT_NAME = "$(TARGET_NAME)";
			};
			name = Debug;
		};
		6C986DAD1C8044AF0036052B /* Release */ = {
			isa = XCBuildConfiguration;
			buildSettings = {
				ASSETCATALOG_COMPILER_APPICON_NAME = AppIcon;
				CODE_SIGN_IDENTITY = "iPhone Developer";
				INFOPLIST_FILE = GooglePhotosTransition/Info.plist;
				LD_RUNPATH_SEARCH_PATHS = "$(inherited) @executable_path/Frameworks";
				PRODUCT_BUNDLE_IDENTIFIER = michealbad.GooglePhotosTransition;
				PRODUCT_NAME = "$(TARGET_NAME)";
			};
			name = Release;
		};
/* End XCBuildConfiguration section */

/* Begin XCConfigurationList section */
		6C986D941C8044AF0036052B /* Build configuration list for PBXProject "GooglePhotosTransition" */ = {
			isa = XCConfigurationList;
			buildConfigurations = (
				6C986DA91C8044AF0036052B /* Debug */,
				6C986DAA1C8044AF0036052B /* Release */,
			);
			defaultConfigurationIsVisible = 0;
			defaultConfigurationName = Release;
		};
		6C986DAB1C8044AF0036052B /* Build configuration list for PBXNativeTarget "GooglePhotosTransition" */ = {
			isa = XCConfigurationList;
			buildConfigurations = (
				6C986DAC1C8044AF0036052B /* Debug */,
				6C986DAD1C8044AF0036052B /* Release */,
			);
			defaultConfigurationIsVisible = 0;
			defaultConfigurationName = Release;
		};
/* End XCConfigurationList section */
	};
	rootObject = 6C986D911C8044AF0036052B /* Project object */;
}
